
Microsoft Visual Studio Solution File, Format Version 12.00
# Visual Studio Version 17
VisualStudioVersion = 17.10.35122.118
MinimumVisualStudioVersion = 10.0.40219.1
Project("{9A19103F-16F7-4668-BE54-9A1E7A4F7556}") = "SunPro Jobs", "SunPro Jobs.csproj", "{57162FB2-D45C-4342-8612-28EF89D9BDBC}"
EndProject
Global
	GlobalSection(SolutionConfigurationPlatforms) = preSolution
		Debug|Any CPU = Debug|Any CPU
		Release|Any CPU = Release|Any CPU
	EndGlobalSection
	GlobalSection(ProjectConfigurationPlatforms) = postSolution
		{57162FB2-D45C-4342-8612-28EF89D9BDBC}.Debug|Any CPU.ActiveCfg = Debug|Any CPU
		{57162FB2-D45C-4342-8612-28EF89D9BDBC}.Debug|Any CPU.Build.0 = Debug|Any CPU
		{57162FB2-D45C-4342-8612-28EF89D9BDBC}.Release|Any CPU.ActiveCfg = Release|Any CPU
		{57162FB2-D45C-4342-8612-28EF89D9BDBC}.Release|Any CPU.Build.0 = Release|Any CPU
	EndGlobalSection
	GlobalSection(SolutionProperties) = preSolution
		HideSolutionNode = FALSE
	EndGlobalSection
	GlobalSection(ExtensibilityGlobals) = postSolution
		SolutionGuid = {34FC6D71-0FB0-40B3-BE2A-A9FD21AAA77C}
	EndGlobalSection
EndGlobal
